<?xml version="1.0" encoding="UTF-8" standalone="yes" ?>
<CodeBlocks_project_file>
	<FileVersion major="1" minor="6" />
	<Project>
		<Option title="WordScramble" />
		<Option pch_mode="2" />
		<Option compiler="gcc" />
		<Build>
			<Target title="Debug">
				<Option output="bin/Debug/WordScramble" prefix_auto="1" extension_auto="1" />
				<Option object_output="obj/Debug/" />
				<Option type="1" />
				<Option compiler="gcc" />
				<Compiler>
					<Add option="-std=c++11" />
					<Add option="-g" />
					<Add directory="../WordScramble" />
					<Add directory="io" />
					<Add directory="utils" />
					<Add directory="format" />
					<Add directory="view" />
					<Add directory="model" />
					<Add directory="controller" />
				</Compiler>
			</Target>
		</Build>
		<Compiler>
			<Add option="`fltk-config --cxxflags`" />
		</Compiler>
		<Linker>
			<Add option="`fltk-config --ldstaticflags`" />
		</Linker>
		<Unit filename="controller/WordScrambleController.cpp" />
		<Unit filename="controller/WordScrambleController.h" />
		<Unit filename="controller/WordScrambleScoreboardController.cpp" />
		<Unit filename="controller/WordScrambleScoreboardController.h" />
		<Unit filename="dictionary.txt" />
		<Unit filename="format/OutputFormatter.cpp" />
		<Unit filename="format/OutputFormatter.h" />
		<Unit filename="io/ScoreBoardCSVReader.cpp" />
		<Unit filename="io/ScoreBoardCSVReader.h" />
		<Unit filename="io/TextFileReader.cpp" />
		<Unit filename="io/TextFileReader.h" />
		<Unit filename="main.cpp" />
		<Unit filename="model/AllPossibleWords.cpp" />
		<Unit filename="model/AllPossibleWords.h" />
		<Unit filename="model/LetterGenerator.cpp" />
		<Unit filename="model/LetterGenerator.h" />
		<Unit filename="model/Player.cpp" />
		<Unit filename="model/Player.h" />
		<Unit filename="model/PlayerCollection.cpp" />
		<Unit filename="model/PlayerCollection.h" />
		<Unit filename="model/PlayerNode.cpp" />
		<Unit filename="model/PlayerNode.h" />
		<Unit filename="scoreboard.csv" />
		<Unit filename="utils/Utils.cpp" />
		<Unit filename="utils/Utils.h" />
		<Unit filename="view/OKCancelWindow.cpp" />
		<Unit filename="view/OKCancelWindow.h" />
		<Unit filename="view/WordScrambleScoreboardWindow.cpp" />
		<Unit filename="view/WordScrambleScoreboardWindow.h" />
		<Unit filename="view/WordScrambleSettingsWindow.cpp" />
		<Unit filename="view/WordScrambleSettingsWindow.h" />
		<Unit filename="view/WordScrambleStartWindow.cpp" />
		<Unit filename="view/WordScrambleStartWindow.h" />
		<Unit filename="view/WordScrambleWindow.cpp" />
		<Unit filename="view/WordScrambleWindow.h" />
		<Extensions>
			<code_completion />
			<envvars />
			<lib_finder disable_auto="1" />
			<debugger />
		</Extensions>
	</Project>
</CodeBlocks_project_file>
